// !$*UTF8*$!
{
	archiveVersion = 1;
	classes = {
	};
	objectVersion = 56;
	objects = {

/* Begin PBXBuildFile section */
		49F9F90E2BADFB8200B7095F /* AppDelegate.swift in Sources */ = {isa = PBXBuildFile; fileRef = 49F9F90D2BADFB8200B7095F /* AppDelegate.swift */; };
		49F9F9102BADFB8200B7095F /* SceneDelegate.swift in Sources */ = {isa = PBXBuildFile; fileRef = 49F9F90F2BADFB8200B7095F /* SceneDelegate.swift */; };
		49F9F9122BADFB8200B7095F /* ViewController.swift in Sources */ = {isa = PBXBuildFile; fileRef = 49F9F9112BADFB8200B7095F /* ViewController.swift */; };
		49F9F9172BADFB8800B7095F /* Assets.xcassets in Resources */ = {isa = PBXBuildFile; fileRef = 49F9F9162BADFB8800B7095F /* Assets.xcassets */; };
		49F9F91A2BADFB8800B7095F /* LaunchScreen.storyboard in Resources */ = {isa = PBXBuildFile; fileRef = 49F9F9182BADFB8800B7095F /* LaunchScreen.storyboard */; };
		49F9F9252BADFFBC00B7095F /* ListItem.swift in Sources */ = {isa = PBXBuildFile; fileRef = 49F9F9242BADFFBC00B7095F /* ListItem.swift */; };
		49F9F9272BAE001F00B7095F /* ListSection.swift in Sources */ = {isa = PBXBuildFile; fileRef = 49F9F9262BAE001F00B7095F /* ListSection.swift */; };
		49F9F9292BAE03C500B7095F /* MockData.swift in Sources */ = {isa = PBXBuildFile; fileRef = 49F9F9282BAE03C500B7095F /* MockData.swift */; };
		49F9F92B2BAEB81A00B7095F /* SaleCollectionViewCell.swift in Sources */ = {isa = PBXBuildFile; fileRef = 49F9F92A2BAEB81A00B7095F /* SaleCollectionViewCell.swift */; };
		49F9F92D2BAEB83E00B7095F /* CategoryCollectionViewCell.swift in Sources */ = {isa = PBXBuildFile; fileRef = 49F9F92C2BAEB83E00B7095F /* CategoryCollectionViewCell.swift */; };
		49F9F92F2BAEB86600B7095F /* ExampleCollectionViewCell.swift in Sources */ = {isa = PBXBuildFile; fileRef = 49F9F92E2BAEB86600B7095F /* ExampleCollectionViewCell.swift */; };
		49F9F9312BAEDD8800B7095F /* HeaderSupplementaryView.swift in Sources */ = {isa = PBXBuildFile; fileRef = 49F9F9302BAEDD8800B7095F /* HeaderSupplementaryView.swift */; };
/* End PBXBuildFile section */

/* Begin PBXFileReference section */
		49F9F90A2BADFB8200B7095F /* CompositionalLayout.app */ = {isa = PBXFileReference; explicitFileType = wrapper.application; includeInIndex = 0; path = CompositionalLayout.app; sourceTree = BUILT_PRODUCTS_DIR; };
		49F9F90D2BADFB8200B7095F /* AppDelegate.swift */ = {isa = PBXFileReference; lastKnownFileType = sourcecode.swift; path = AppDelegate.swift; sourceTree = "<group>"; };
		49F9F90F2BADFB8200B7095F /* SceneDelegate.swift */ = {isa = PBXFileReference; lastKnownFileType = sourcecode.swift; path = SceneDelegate.swift; sourceTree = "<group>"; };
		49F9F9112BADFB8200B7095F /* ViewController.swift */ = {isa = PBXFileReference; lastKnownFileType = sourcecode.swift; path = ViewController.swift; sourceTree = "<group>"; };
		49F9F9162BADFB8800B7095F /* Assets.xcassets */ = {isa = PBXFileReference; lastKnownFileType = folder.assetcatalog; path = Assets.xcassets; sourceTree = "<group>"; };
		49F9F9192BADFB8800B7095F /* Base */ = {isa = PBXFileReference; lastKnownFileType = file.storyboard; name = Base; path = Base.lproj/LaunchScreen.storyboard; sourceTree = "<group>"; };
		49F9F91B2BADFB8800B7095F /* Info.plist */ = {isa = PBXFileReference; lastKnownFileType = text.plist.xml; path = Info.plist; sourceTree = "<group>"; };
		49F9F9242BADFFBC00B7095F /* ListItem.swift */ = {isa = PBXFileReference; lastKnownFileType = sourcecode.swift; path = ListItem.swift; sourceTree = "<group>"; };
		49F9F9262BAE001F00B7095F /* ListSection.swift */ = {isa = PBXFileReference; lastKnownFileType = sourcecode.swift; path = ListSection.swift; sourceTree = "<group>"; };
		49F9F9282BAE03C500B7095F /* MockData.swift */ = {isa = PBXFileReference; lastKnownFileType = sourcecode.swift; path = MockData.swift; sourceTree = "<group>"; };
		49F9F92A2BAEB81A00B7095F /* SaleCollectionViewCell.swift */ = {isa = PBXFileReference; lastKnownFileType = sourcecode.swift; path = SaleCollectionViewCell.swift; sourceTree = "<group>"; };
		49F9F92C2BAEB83E00B7095F /* CategoryCollectionViewCell.swift */ = {isa = PBXFileReference; lastKnownFileType = sourcecode.swift; path = CategoryCollectionViewCell.swift; sourceTree = "<group>"; };
		49F9F92E2BAEB86600B7095F /* ExampleCollectionViewCell.swift */ = {isa = PBXFileReference; lastKnownFileType = sourcecode.swift; path = ExampleCollectionViewCell.swift; sourceTree = "<group>"; };
		49F9F9302BAEDD8800B7095F /* HeaderSupplementaryView.swift */ = {isa = PBXFileReference; lastKnownFileType = sourcecode.swift; path = HeaderSupplementaryView.swift; sourceTree = "<group>"; };
/* End PBXFileReference section */

/* Begin PBXFrameworksBuildPhase section */
		49F9F9072BADFB8200B7095F /* Frameworks */ = {
			isa = PBXFrameworksBuildPhase;
			buildActionMask = 2147483647;
			files = (
			);
			runOnlyForDeploymentPostprocessing = 0;
		};
/* End PBXFrameworksBuildPhase section */

/* Begin PBXGroup section */
		49F9F9012BADFB8100B7095F = {
			isa = PBXGroup;
			children = (
				49F9F90C2BADFB8200B7095F /* CompositionalLayout */,
				49F9F90B2BADFB8200B7095F /* Products */,
			);
			sourceTree = "<group>";
		};
		49F9F90B2BADFB8200B7095F /* Products */ = {
			isa = PBXGroup;
			children = (
				49F9F90A2BADFB8200B7095F /* CompositionalLayout.app */,
			);
			name = Products;
			sourceTree = "<group>";
		};
		49F9F90C2BADFB8200B7095F /* CompositionalLayout */ = {
			isa = PBXGroup;
			children = (
				49F9F9212BADFC4C00B7095F /* Aplication */,
				49F9F9222BADFC6300B7095F /* Cells */,
				49F9F9112BADFB8200B7095F /* ViewController.swift */,
				49F9F9242BADFFBC00B7095F /* ListItem.swift */,
				49F9F9262BAE001F00B7095F /* ListSection.swift */,
				49F9F9282BAE03C500B7095F /* MockData.swift */,
				49F9F9232BADFC7B00B7095F /* Resourses */,
				49F9F91B2BADFB8800B7095F /* Info.plist */,
			);
			path = CompositionalLayout;
			sourceTree = "<group>";
		};
		49F9F9212BADFC4C00B7095F /* Aplication */ = {
			isa = PBXGroup;
			children = (
				49F9F90F2BADFB8200B7095F /* SceneDelegate.swift */,
				49F9F90D2BADFB8200B7095F /* AppDelegate.swift */,
			);
			path = Aplication;
			sourceTree = "<group>";
		};
		49F9F9222BADFC6300B7095F /* Cells */ = {
			isa = PBXGroup;
			children = (
				49F9F92A2BAEB81A00B7095F /* SaleCollectionViewCell.swift */,
				49F9F92C2BAEB83E00B7095F /* CategoryCollectionViewCell.swift */,
				49F9F92E2BAEB86600B7095F /* ExampleCollectionViewCell.swift */,
				49F9F9302BAEDD8800B7095F /* HeaderSupplementaryView.swift */,
			);
			path = Cells;
			sourceTree = "<group>";
		};
		49F9F9232BADFC7B00B7095F /* Resourses */ = {
			isa = PBXGroup;
			children = (
				49F9F9162BADFB8800B7095F /* Assets.xcassets */,
				49F9F9182BADFB8800B7095F /* LaunchScreen.storyboard */,
			);
			path = Resourses;
			sourceTree = "<group>";
		};
/* End PBXGroup section */

/* Begin PBXNativeTarget section */
		49F9F9092BADFB8200B7095F /* CompositionalLayout */ = {
			isa = PBXNativeTarget;
			buildConfigurationList = 49F9F91E2BADFB8800B7095F /* Build configuration list for PBXNativeTarget "CompositionalLayout" */;
			buildPhases = (
				49F9F9062BADFB8200B7095F /* Sources */,
				49F9F9072BADFB8200B7095F /* Frameworks */,
				49F9F9082BADFB8200B7095F /* Resources */,
			);
			buildRules = (
			);
			dependencies = (
			);
			name = CompositionalLayout;
			productName = CompositionalLayout;
			productReference = 49F9F90A2BADFB8200B7095F /* CompositionalLayout.app */;
			productType = "com.apple.product-type.application";
		};
/* End PBXNativeTarget section */

/* Begin PBXProject section */
		49F9F9022BADFB8200B7095F /* Project object */ = {
			isa = PBXProject;
			attributes = {
				BuildIndependentTargetsInParallel = 1;
				LastSwiftUpdateCheck = 1420;
				LastUpgradeCheck = 1420;
				TargetAttributes = {
					49F9F9092BADFB8200B7095F = {
						CreatedOnToolsVersion = 14.2;
					};
				};
			};
			buildConfigurationList = 49F9F9052BADFB8200B7095F /* Build configuration list for PBXProject "CompositionalLayout" */;
			compatibilityVersion = "Xcode 14.0";
			developmentRegion = en;
			hasScannedForEncodings = 0;
			knownRegions = (
				en,
				Base,
			);
			mainGroup = 49F9F9012BADFB8100B7095F;
			productRefGroup = 49F9F90B2BADFB8200B7095F /* Products */;
			projectDirPath = "";
			projectRoot = "";
			targets = (
				49F9F9092BADFB8200B7095F /* CompositionalLayout */,
			);
		};
/* End PBXProject section */

/* Begin PBXResourcesBuildPhase section */
		49F9F9082BADFB8200B7095F /* Resources */ = {
			isa = PBXResourcesBuildPhase;
			buildActionMask = 2147483647;
			files = (
				49F9F91A2BADFB8800B7095F /* LaunchScreen.storyboard in Resources */,
				49F9F9172BADFB8800B7095F /* Assets.xcassets in Resources */,
			);
			runOnlyForDeploymentPostprocessing = 0;
		};
/* End PBXResourcesBuildPhase section */

/* Begin PBXSourcesBuildPhase section */
		49F9F9062BADFB8200B7095F /* Sources */ = {
			isa = PBXSourcesBuildPhase;
			buildActionMask = 2147483647;
			files = (
				49F9F92D2BAEB83E00B7095F /* CategoryCollectionViewCell.swift in Sources */,
				49F9F9252BADFFBC00B7095F /* ListItem.swift in Sources */,
				49F9F9292BAE03C500B7095F /* MockData.swift in Sources */,
				49F9F9122BADFB8200B7095F /* ViewController.swift in Sources */,
				49F9F92B2BAEB81A00B7095F /* SaleCollectionViewCell.swift in Sources */,
				49F9F90E2BADFB8200B7095F /* AppDelegate.swift in Sources */,
				49F9F92F2BAEB86600B7095F /* ExampleCollectionViewCell.swift in Sources */,
				49F9F9102BADFB8200B7095F /* SceneDelegate.swift in Sources */,
				49F9F9272BAE001F00B7095F /* ListSection.swift in Sources */,
				49F9F9312BAEDD8800B7095F /* HeaderSupplementaryView.swift in Sources */,
			);
			runOnlyForDeploymentPostprocessing = 0;
		};
/* End PBXSourcesBuildPhase section */

/* Begin PBXVariantGroup section */
		49F9F9182BADFB8800B7095F /* LaunchScreen.storyboard */ = {
			isa = PBXVariantGroup;
			children = (
				49F9F9192BADFB8800B7095F /* Base */,
			);
			name = LaunchScreen.storyboard;
			sourceTree = "<group>";
		};
/* End PBXVariantGroup section */

/* Begin XCBuildConfiguration section */
		49F9F91C2BADFB8800B7095F /* Debug */ = {
			isa = XCBuildConfiguration;
			buildSettings = {
				ALWAYS_SEARCH_USER_PATHS = NO;
				CLANG_ANALYZER_NONNULL = YES;
				CLANG_ANALYZER_NUMBER_OBJECT_CONVERSION = YES_AGGRESSIVE;
				CLANG_CXX_LANGUAGE_STANDARD = "gnu++20";
				CLANG_ENABLE_MODULES = YES;
				CLANG_ENABLE_OBJC_ARC = YES;
				CLANG_ENABLE_OBJC_WEAK = YES;
				CLANG_WARN_BLOCK_CAPTURE_AUTORELEASING = YES;
				CLANG_WARN_BOOL_CONVERSION = YES;
				CLANG_WARN_COMMA = YES;
				CLANG_WARN_CONSTANT_CONVERSION = YES;
				CLANG_WARN_DEPRECATED_OBJC_IMPLEMENTATIONS = YES;
				CLANG_WARN_DIRECT_OBJC_ISA_USAGE = YES_ERROR;
				CLANG_WARN_DOCUMENTATION_COMMENTS = YES;
				CLANG_WARN_EMPTY_BODY = YES;
				CLANG_WARN_ENUM_CONVERSION = YES;
				CLANG_WARN_INFINITE_RECURSION = YES;
				CLANG_WARN_INT_CONVERSION = YES;
				CLANG_WARN_NON_LITERAL_NULL_CONVERSION = YES;
				CLANG_WARN_OBJC_IMPLICIT_RETAIN_SELF = YES;
				CLANG_WARN_OBJC_LITERAL_CONVERSION = YES;
				CLANG_WARN_OBJC_ROOT_CLASS = YES_ERROR;
				CLANG_WARN_QUOTED_INCLUDE_IN_FRAMEWORK_HEADER = YES;
				CLANG_WARN_RANGE_LOOP_ANALYSIS = YES;
				CLANG_WARN_STRICT_PROTOTYPES = YES;
				CLANG_WARN_SUSPICIOUS_MOVE = YES;
				CLANG_WARN_UNGUARDED_AVAILABILITY = YES_AGGRESSIVE;
				CLANG_WARN_UNREACHABLE_CODE = YES;
				CLANG_WARN__DUPLICATE_METHOD_MATCH = YES;
				COPY_PHASE_STRIP = NO;
				DEBUG_INFORMATION_FORMAT = dwarf;
				ENABLE_STRICT_OBJC_MSGSEND = YES;
				ENABLE_TESTABILITY = YES;
				GCC_C_LANGUAGE_STANDARD = gnu11;
				GCC_DYNAMIC_NO_PIC = NO;
				GCC_NO_COMMON_BLOCKS = YES;
				GCC_OPTIMIZATION_LEVEL = 0;
				GCC_PREPROCESSOR_DEFINITIONS = (
					"DEBUG=1",
					"$(inherited)",
				);
				GCC_WARN_64_TO_32_BIT_CONVERSION = YES;
				GCC_WARN_ABOUT_RETURN_TYPE = YES_ERROR;
				GCC_WARN_UNDECLARED_SELECTOR = YES;
				GCC_WARN_UNINITIALIZED_AUTOS = YES_AGGRESSIVE;
				GCC_WARN_UNUSED_FUNCTION = YES;
				GCC_WARN_UNUSED_VARIABLE = YES;
				IPHONEOS_DEPLOYMENT_TARGET = 16.2;
				MTL_ENABLE_DEBUG_INFO = INCLUDE_SOURCE;
				MTL_FAST_MATH = YES;
				ONLY_ACTIVE_ARCH = YES;
				SDKROOT = iphoneos;
				SWIFT_ACTIVE_COMPILATION_CONDITIONS = DEBUG;
				SWIFT_OPTIMIZATION_LEVEL = "-Onone";
			};
			name = Debug;
		};
		49F9F91D2BADFB8800B7095F /* Release */ = {
			isa = XCBuildConfiguration;
			buildSettings = {
				ALWAYS_SEARCH_USER_PATHS = NO;
				CLANG_ANALYZER_NONNULL = YES;
				CLANG_ANALYZER_NUMBER_OBJECT_CONVERSION = YES_AGGRESSIVE;
				CLANG_CXX_LANGUAGE_STANDARD = "gnu++20";
				CLANG_ENABLE_MODULES = YES;
				CLANG_ENABLE_OBJC_ARC = YES;
				CLANG_ENABLE_OBJC_WEAK = YES;
				CLANG_WARN_BLOCK_CAPTURE_AUTORELEASING = YES;
				CLANG_WARN_BOOL_CONVERSION = YES;
				CLANG_WARN_COMMA = YES;
				CLANG_WARN_CONSTANT_CONVERSION = YES;
				CLANG_WARN_DEPRECATED_OBJC_IMPLEMENTATIONS = YES;
				CLANG_WARN_DIRECT_OBJC_ISA_USAGE = YES_ERROR;
				CLANG_WARN_DOCUMENTATION_COMMENTS = YES;
				CLANG_WARN_EMPTY_BODY = YES;
				CLANG_WARN_ENUM_CONVERSION = YES;
				CLANG_WARN_INFINITE_RECURSION = YES;
				CLANG_WARN_INT_CONVERSION = YES;
				CLANG_WARN_NON_LITERAL_NULL_CONVERSION = YES;
				CLANG_WARN_OBJC_IMPLICIT_RETAIN_SELF = YES;
				CLANG_WARN_OBJC_LITERAL_CONVERSION = YES;
				CLANG_WARN_OBJC_ROOT_CLASS = YES_ERROR;
				CLANG_WARN_QUOTED_INCLUDE_IN_FRAMEWORK_HEADER = YES;
				CLANG_WARN_RANGE_LOOP_ANALYSIS = YES;
				CLANG_WARN_STRICT_PROTOTYPES = YES;
				CLANG_WARN_SUSPICIOUS_MOVE = YES;
				CLANG_WARN_UNGUARDED_AVAILABILITY = YES_AGGRESSIVE;
				CLANG_WARN_UNREACHABLE_CODE = YES;
				CLANG_WARN__DUPLICATE_METHOD_MATCH = YES;
				COPY_PHASE_STRIP = NO;
				DEBUG_INFORMATION_FORMAT = "dwarf-with-dsym";
				ENABLE_NS_ASSERTIONS = NO;
				ENABLE_STRICT_OBJC_MSGSEND = YES;
				GCC_C_LANGUAGE_STANDARD = gnu11;
				GCC_NO_COMMON_BLOCKS = YES;
				GCC_WARN_64_TO_32_BIT_CONVERSION = YES;
				GCC_WARN_ABOUT_RETURN_TYPE = YES_ERROR;
				GCC_WARN_UNDECLARED_SELECTOR = YES;
				GCC_WARN_UNINITIALIZED_AUTOS = YES_AGGRESSIVE;
				GCC_WARN_UNUSED_FUNCTION = YES;
				GCC_WARN_UNUSED_VARIABLE = YES;
				IPHONEOS_DEPLOYMENT_TARGET = 16.2;
				MTL_ENABLE_DEBUG_INFO = NO;
				MTL_FAST_MATH = YES;
				SDKROOT = iphoneos;
				SWIFT_COMPILATION_MODE = wholemodule;
				SWIFT_OPTIMIZATION_LEVEL = "-O";
				VALIDATE_PRODUCT = YES;
			};
			name = Release;
		};
		49F9F91F2BADFB8800B7095F /* Debug */ = {
			isa = XCBuildConfiguration;
			buildSettings = {
				ASSETCATALOG_COMPILER_APPICON_NAME = AppIcon;
				ASSETCATALOG_COMPILER_GLOBAL_ACCENT_COLOR_NAME = AccentColor;
				CODE_SIGN_STYLE = Automatic;
				CURRENT_PROJECT_VERSION = 1;
				DEVELOPMENT_TEAM = XT4RF8C36B;
				GENERATE_INFOPLIST_FILE = YES;
				INFOPLIST_FILE = CompositionalLayout/Info.plist;
				INFOPLIST_KEY_LSApplicationCategoryType = "public.app-category.food-and-drink";
				INFOPLIST_KEY_UIApplicationSupportsIndirectInputEvents = YES;
				INFOPLIST_KEY_UILaunchStoryboardName = LaunchScreen;
				INFOPLIST_KEY_UISupportedInterfaceOrientations_iPad = "UIInterfaceOrientationPortrait UIInterfaceOrientationPortraitUpsideDown UIInterfaceOrientationLandscapeLeft UIInterfaceOrientationLandscapeRight";
				INFOPLIST_KEY_UISupportedInterfaceOrientations_iPhone = "UIInterfaceOrientationPortrait UIInterfaceOrientationLandscapeLeft UIInterfaceOrientationLandscapeRight";
				IPHONEOS_DEPLOYMENT_TARGET = 16.6;
				LD_RUNPATH_SEARCH_PATHS = (
					"$(inherited)",
					"@executable_path/Frameworks",
				);
				MARKETING_VERSION = 1.0;
				PRODUCT_BUNDLE_IDENTIFIER = PERESVET.CompositionalLayout;
				PRODUCT_NAME = "$(TARGET_NAME)";
				SWIFT_EMIT_LOC_STRINGS = YES;
				SWIFT_VERSION = 5.0;
				TARGETED_DEVICE_FAMILY = "1,2";
			};
			name = Debug;
		};
		49F9F9202BADFB8800B7095F /* Release */ = {
			isa = XCBuildConfiguration;
			buildSettings = {
				ASSETCATALOG_COMPILER_APPICON_NAME = AppIcon;
				ASSETCATALOG_COMPILER_GLOBAL_ACCENT_COLOR_NAME = AccentColor;
				CODE_SIGN_STYLE = Automatic;
				CURRENT_PROJECT_VERSION = 1;
				DEVELOPMENT_TEAM = XT4RF8C36B;
				GENERATE_INFOPLIST_FILE = YES;
				INFOPLIST_FILE = CompositionalLayout/Info.plist;
				INFOPLIST_KEY_LSApplicationCategoryType = "public.app-category.food-and-drink";
				INFOPLIST_KEY_UIApplicationSupportsIndirectInputEvents = YES;
				INFOPLIST_KEY_UILaunchStoryboardName = LaunchScreen;
				INFOPLIST_KEY_UISupportedInterfaceOrientations_iPad = "UIInterfaceOrientationPortrait UIInterfaceOrientationPortraitUpsideDown UIInterfaceOrientationLandscapeLeft UIInterfaceOrientationLandscapeRight";
				INFOPLIST_KEY_UISupportedInterfaceOrientations_iPhone = "UIInterfaceOrientationPortrait UIInterfaceOrientationLandscapeLeft UIInterfaceOrientationLandscapeRight";
				IPHONEOS_DEPLOYMENT_TARGET = 16.6;
				LD_RUNPATH_SEARCH_PATHS = (
					"$(inherited)",
					"@executable_path/Frameworks",
				);
				MARKETING_VERSION = 1.0;
				PRODUCT_BUNDLE_IDENTIFIER = PERESVET.CompositionalLayout;
				PRODUCT_NAME = "$(TARGET_NAME)";
				SWIFT_EMIT_LOC_STRINGS = YES;
				SWIFT_VERSION = 5.0;
				TARGETED_DEVICE_FAMILY = "1,2";
			};
			name = Release;
		};
/* End XCBuildConfiguration section */

/* Begin XCConfigurationList section */
		49F9F9052BADFB8200B7095F /* Build configuration list for PBXProject "CompositionalLayout" */ = {
			isa = XCConfigurationList;
			buildConfigurations = (
				49F9F91C2BADFB8800B7095F /* Debug */,
				49F9F91D2BADFB8800B7095F /* Release */,
			);
			defaultConfigurationIsVisible = 0;
			defaultConfigurationName = Release;
		};
		49F9F91E2BADFB8800B7095F /* Build configuration list for PBXNativeTarget "CompositionalLayout" */ = {
			isa = XCConfigurationList;
			buildConfigurations = (
				49F9F91F2BADFB8800B7095F /* Debug */,
				49F9F9202BADFB8800B7095F /* Release */,
			);
			defaultConfigurationIsVisible = 0;
			defaultConfigurationName = Release;
		};
/* End XCConfigurationList section */
	};
	rootObject = 49F9F9022BADFB8200B7095F /* Project object */;
}
